
Microsoft Visual Studio Solution File, Format Version 12.00
Project("{FAE04EC0-301F-11D3-BF4B-00C04F79EFBC}") = "Juhendid", "Juhendid\Juhendid.csproj", "{5B143DFB-2DCE-43FC-929F-992570A2997E}"
EndProject
Global
	GlobalSection(SolutionConfigurationPlatforms) = preSolution
		Debug|Any CPU = Debug|Any CPU
		Release|Any CPU = Release|Any CPU
	EndGlobalSection
	GlobalSection(ProjectConfigurationPlatforms) = postSolution
		{5B143DFB-2DCE-43FC-929F-992570A2997E}.Debug|Any CPU.ActiveCfg = Debug|Any CPU
		{5B143DFB-2DCE-43FC-929F-992570A2997E}.Debug|Any CPU.Build.0 = Debug|Any CPU
		{5B143DFB-2DCE-43FC-929F-992570A2997E}.Release|Any CPU.ActiveCfg = Release|Any CPU
		{5B143DFB-2DCE-43FC-929F-992570A2997E}.Release|Any CPU.Build.0 = Release|Any CPU
	EndGlobalSection
EndGlobal
